
Microsoft Visual Studio Solution File, Format Version 12.00
# Visual Studio Version 17
VisualStudioVersion = 17.14.36310.24 d17.14
MinimumVisualStudioVersion = 10.0.40219.1
Project("{FAE04EC0-301F-11D3-BF4B-00C04F79EFBC}") = "SUYURU_BackendTest", "SUYURU_BackendTest\SUYURU_BackendTest.csproj", "{F695D1DB-A5DF-4674-AFA7-48CBFDB9A2AE}"
EndProject
Global
	GlobalSection(SolutionConfigurationPlatforms) = preSolution
		Debug|Any CPU = Debug|Any CPU
		Release|Any CPU = Release|Any CPU
	EndGlobalSection
	GlobalSection(ProjectConfigurationPlatforms) = postSolution
		{F695D1DB-A5DF-4674-AFA7-48CBFDB9A2AE}.Debug|Any CPU.ActiveCfg = Debug|Any CPU
		{F695D1DB-A5DF-4674-AFA7-48CBFDB9A2AE}.Debug|Any CPU.Build.0 = Debug|Any CPU
		{F695D1DB-A5DF-4674-AFA7-48CBFDB9A2AE}.Release|Any CPU.ActiveCfg = Release|Any CPU
		{F695D1DB-A5DF-4674-AFA7-48CBFDB9A2AE}.Release|Any CPU.Build.0 = Release|Any CPU
	EndGlobalSection
	GlobalSection(SolutionProperties) = preSolution
		HideSolutionNode = FALSE
	EndGlobalSection
	GlobalSection(ExtensibilityGlobals) = postSolution
		SolutionGuid = {62AF003B-066A-403E-9F8D-9F472FFE04B6}
	EndGlobalSection
EndGlobal
